
Microsoft Visual Studio Solution File, Format Version 12.00
# Visual Studio Version 17
VisualStudioVersion = 17.10.35013.160
MinimumVisualStudioVersion = 10.0.40219.1
Project("{FAE04EC0-301F-11D3-BF4B-00C04F79EFBC}") = "Task-24-7", "Task-24-7\Task-24-7.csproj", "{0C763153-93DC-4ED1-8DF0-2DED4ED1B931}"
EndProject
Global
	GlobalSection(SolutionConfigurationPlatforms) = preSolution
		Debug|Any CPU = Debug|Any CPU
		Release|Any CPU = Release|Any CPU
	EndGlobalSection
	GlobalSection(ProjectConfigurationPlatforms) = postSolution
		{0C763153-93DC-4ED1-8DF0-2DED4ED1B931}.Debug|Any CPU.ActiveCfg = Debug|Any CPU
		{0C763153-93DC-4ED1-8DF0-2DED4ED1B931}.Debug|Any CPU.Build.0 = Debug|Any CPU
		{0C763153-93DC-4ED1-8DF0-2DED4ED1B931}.Release|Any CPU.ActiveCfg = Release|Any CPU
		{0C763153-93DC-4ED1-8DF0-2DED4ED1B931}.Release|Any CPU.Build.0 = Release|Any CPU
	EndGlobalSection
	GlobalSection(SolutionProperties) = preSolution
		HideSolutionNode = FALSE
	EndGlobalSection
	GlobalSection(ExtensibilityGlobals) = postSolution
		SolutionGuid = {9E3E7D3B-DDF3-4547-A04F-9B70FF1FAA45}
	EndGlobalSection
EndGlobal
