
Microsoft Visual Studio Solution File, Format Version 12.00
# Visual Studio Version 17
VisualStudioVersion = 17.10.35013.160
MinimumVisualStudioVersion = 10.0.40219.1
Project("{FAE04EC0-301F-11D3-BF4B-00C04F79EFBC}") = "Task-25-7", "Task-25-7\Task-25-7.csproj", "{C2EB320A-424F-410B-96D4-C0D7223FB32E}"
EndProject
Global
	GlobalSection(SolutionConfigurationPlatforms) = preSolution
		Debug|Any CPU = Debug|Any CPU
		Release|Any CPU = Release|Any CPU
	EndGlobalSection
	GlobalSection(ProjectConfigurationPlatforms) = postSolution
		{C2EB320A-424F-410B-96D4-C0D7223FB32E}.Debug|Any CPU.ActiveCfg = Debug|Any CPU
		{C2EB320A-424F-410B-96D4-C0D7223FB32E}.Debug|Any CPU.Build.0 = Debug|Any CPU
		{C2EB320A-424F-410B-96D4-C0D7223FB32E}.Release|Any CPU.ActiveCfg = Release|Any CPU
		{C2EB320A-424F-410B-96D4-C0D7223FB32E}.Release|Any CPU.Build.0 = Release|Any CPU
	EndGlobalSection
	GlobalSection(SolutionProperties) = preSolution
		HideSolutionNode = FALSE
	EndGlobalSection
	GlobalSection(ExtensibilityGlobals) = postSolution
		SolutionGuid = {DD3B571D-C5CD-49AC-AF6F-18D9287E5F00}
	EndGlobalSection
EndGlobal
